<?xml version="1.0" encoding="utf-8"?>
<Project ToolsVersion="4.0" xmlns="http://schemas.microsoft.com/developer/msbuild/2003">
  <ItemGroup>
    <Filter Include="源文件">
      <UniqueIdentifier>{4FC737F1-C7A5-4376-A066-2A32D752A2FF}</UniqueIdentifier>
      <Extensions>cpp;c;cc;cxx;c++;cppm;ixx;def;odl;idl;hpj;bat;asm;asmx</Extensions>
    </Filter>
    <Filter Include="源文件\src">
      <UniqueIdentifier>{60659d1a-e29f-4677-96d1-dd000abe3fcf}</UniqueIdentifier>
    </Filter>
    <Filter Include="源文件\src\LogSystem">
      <UniqueIdentifier>{f0a3bb7c-ce29-4dd7-b9df-d23df57c41fe}</UniqueIdentifier>
    </Filter>
  </ItemGroup>
  <ItemGroup>
    <ClCompile Include="Entrance.cpp">
      <Filter>源文件\src</Filter>
    </ClCompile>
    <ClCompile Include="stdafx.cpp">
      <Filter>源文件\src</Filter>
    </ClCompile>
    <ClCompile Include="Application.cpp">
      <Filter>源文件\src</Filter>
    </ClCompile>
  </ItemGroup>
  <ItemGroup>
    <ClInclude Include="stdafx.h">
      <Filter>源文件\src</Filter>
    </ClInclude>
    <ClInclude Include="Application.h">
      <Filter>源文件\src</Filter>
    </ClInclude>
  </ItemGroup>
</Project>